
Microsoft Visual Studio Solution File, Format Version 12.00
# Visual Studio Version 17
VisualStudioVersion = 17.6.33815.320
MinimumVisualStudioVersion = 10.0.40219.1
Project("{9A19103F-16F7-4668-BE54-9A1E7A4F7556}") = "UsersAPI.Services", "UsersAPI.Services\UsersAPI.Services.csproj", "{2FAEFBC1-A0FD-4F95-AA81-787E35833050}"
EndProject
Project("{2150E333-8FDC-42A3-9474-1A3956D46DE8}") = "API", "API", "{A6A720E6-C34F-4CF9-8C30-2525458BC5D1}"
EndProject
Project("{2150E333-8FDC-42A3-9474-1A3956D46DE8}") = "DDD", "DDD", "{631F8072-735D-4D77-B975-FA3E6DE23897}"
EndProject
Project("{2150E333-8FDC-42A3-9474-1A3956D46DE8}") = "Tests", "Tests", "{8D8AA563-22FE-4DDF-89C3-EF417E9A2243}"
EndProject
Project("{2150E333-8FDC-42A3-9474-1A3956D46DE8}") = "Application", "Application", "{82053C60-5B3A-4C84-8777-4277DA69B4DD}"
EndProject
Project("{2150E333-8FDC-42A3-9474-1A3956D46DE8}") = "Domain", "Domain", "{C5FD2E6C-66AF-4A44-A78B-CA8A825687D5}"
EndProject
Project("{2150E333-8FDC-42A3-9474-1A3956D46DE8}") = "InfraStructure", "InfraStructure", "{F240EF27-D897-452B-96D8-274DD4E7FB52}"
EndProject
Project("{FAE04EC0-301F-11D3-BF4B-00C04F79EFBC}") = "UsersAPI.Applicantion", "UsersAPI.Applicantion\UsersAPI.Applicantion.csproj", "{D1DCBDE4-F868-468F-A7B5-C00C716CD79C}"
EndProject
Project("{FAE04EC0-301F-11D3-BF4B-00C04F79EFBC}") = "UsersAPI.Domain", "UsersAPI.Domain\UsersAPI.Domain.csproj", "{838FD11D-CC0A-4B48-BAB9-7FC10567D99E}"
EndProject
Project("{FAE04EC0-301F-11D3-BF4B-00C04F79EFBC}") = "UsersAPI.Infra.Data", "UsersAPI.Infra.Data\UsersAPI.Infra.Data.csproj", "{1268F575-1141-4FF6-8B1A-4FC7B97D1BCE}"
EndProject
Project("{FAE04EC0-301F-11D3-BF4B-00C04F79EFBC}") = "UsersAPI.Tests", "Users.API.Tests\UsersAPI.Tests.csproj", "{821CCD50-B499-48CA-BFAC-5344B422E381}"
EndProject
Global
	GlobalSection(SolutionConfigurationPlatforms) = preSolution
		Debug|Any CPU = Debug|Any CPU
		Release|Any CPU = Release|Any CPU
	EndGlobalSection
	GlobalSection(ProjectConfigurationPlatforms) = postSolution
		{2FAEFBC1-A0FD-4F95-AA81-787E35833050}.Debug|Any CPU.ActiveCfg = Debug|Any CPU
		{2FAEFBC1-A0FD-4F95-AA81-787E35833050}.Debug|Any CPU.Build.0 = Debug|Any CPU
		{2FAEFBC1-A0FD-4F95-AA81-787E35833050}.Release|Any CPU.ActiveCfg = Release|Any CPU
		{2FAEFBC1-A0FD-4F95-AA81-787E35833050}.Release|Any CPU.Build.0 = Release|Any CPU
		{D1DCBDE4-F868-468F-A7B5-C00C716CD79C}.Debug|Any CPU.ActiveCfg = Debug|Any CPU
		{D1DCBDE4-F868-468F-A7B5-C00C716CD79C}.Debug|Any CPU.Build.0 = Debug|Any CPU
		{D1DCBDE4-F868-468F-A7B5-C00C716CD79C}.Release|Any CPU.ActiveCfg = Release|Any CPU
		{D1DCBDE4-F868-468F-A7B5-C00C716CD79C}.Release|Any CPU.Build.0 = Release|Any CPU
		{838FD11D-CC0A-4B48-BAB9-7FC10567D99E}.Debug|Any CPU.ActiveCfg = Debug|Any CPU
		{838FD11D-CC0A-4B48-BAB9-7FC10567D99E}.Debug|Any CPU.Build.0 = Debug|Any CPU
		{838FD11D-CC0A-4B48-BAB9-7FC10567D99E}.Release|Any CPU.ActiveCfg = Release|Any CPU
		{838FD11D-CC0A-4B48-BAB9-7FC10567D99E}.Release|Any CPU.Build.0 = Release|Any CPU
		{1268F575-1141-4FF6-8B1A-4FC7B97D1BCE}.Debug|Any CPU.ActiveCfg = Debug|Any CPU
		{1268F575-1141-4FF6-8B1A-4FC7B97D1BCE}.Debug|Any CPU.Build.0 = Debug|Any CPU
		{1268F575-1141-4FF6-8B1A-4FC7B97D1BCE}.Release|Any CPU.ActiveCfg = Release|Any CPU
		{1268F575-1141-4FF6-8B1A-4FC7B97D1BCE}.Release|Any CPU.Build.0 = Release|Any CPU
		{821CCD50-B499-48CA-BFAC-5344B422E381}.Debug|Any CPU.ActiveCfg = Debug|Any CPU
		{821CCD50-B499-48CA-BFAC-5344B422E381}.Debug|Any CPU.Build.0 = Debug|Any CPU
		{821CCD50-B499-48CA-BFAC-5344B422E381}.Release|Any CPU.ActiveCfg = Release|Any CPU
		{821CCD50-B499-48CA-BFAC-5344B422E381}.Release|Any CPU.Build.0 = Release|Any CPU
	EndGlobalSection
	GlobalSection(SolutionProperties) = preSolution
		HideSolutionNode = FALSE
	EndGlobalSection
	GlobalSection(NestedProjects) = preSolution
		{2FAEFBC1-A0FD-4F95-AA81-787E35833050} = {A6A720E6-C34F-4CF9-8C30-2525458BC5D1}
		{82053C60-5B3A-4C84-8777-4277DA69B4DD} = {631F8072-735D-4D77-B975-FA3E6DE23897}
		{C5FD2E6C-66AF-4A44-A78B-CA8A825687D5} = {631F8072-735D-4D77-B975-FA3E6DE23897}
		{F240EF27-D897-452B-96D8-274DD4E7FB52} = {631F8072-735D-4D77-B975-FA3E6DE23897}
		{D1DCBDE4-F868-468F-A7B5-C00C716CD79C} = {82053C60-5B3A-4C84-8777-4277DA69B4DD}
		{838FD11D-CC0A-4B48-BAB9-7FC10567D99E} = {C5FD2E6C-66AF-4A44-A78B-CA8A825687D5}
		{1268F575-1141-4FF6-8B1A-4FC7B97D1BCE} = {F240EF27-D897-452B-96D8-274DD4E7FB52}
		{821CCD50-B499-48CA-BFAC-5344B422E381} = {8D8AA563-22FE-4DDF-89C3-EF417E9A2243}
	EndGlobalSection
	GlobalSection(ExtensibilityGlobals) = postSolution
		SolutionGuid = {D0446B2F-2D6D-4C00-A55B-142D2EFA8531}
	EndGlobalSection
EndGlobal
